
Microsoft Visual Studio Solution File, Format Version 12.00
# Visual Studio 2013
VisualStudioVersion = 12.0.31101.0
MinimumVisualStudioVersion = 10.0.40219.1
Project("{FAE04EC0-301F-11D3-BF4B-00C04F79EFBC}") = "MongoDB.Context", "MongoDB.Context\MongoDB.Context.csproj", "{07E579A2-8B9A-4084-83C7-D1C128FC0517}"
EndProject
Project("{FAE04EC0-301F-11D3-BF4B-00C04F79EFBC}") = "MongoDB.Context.Tests", "MongoDB.Context.Tests\MongoDB.Context.Tests.csproj", "{BDB93B3F-9566-4ADF-B823-4F45A5612034}"
EndProject
Global
	GlobalSection(SolutionConfigurationPlatforms) = preSolution
		Debug|Any CPU = Debug|Any CPU
		Release|Any CPU = Release|Any CPU
	EndGlobalSection
	GlobalSection(ProjectConfigurationPlatforms) = postSolution
		{07E579A2-8B9A-4084-83C7-D1C128FC0517}.Debug|Any CPU.ActiveCfg = Debug|Any CPU
		{07E579A2-8B9A-4084-83C7-D1C128FC0517}.Debug|Any CPU.Build.0 = Debug|Any CPU
		{07E579A2-8B9A-4084-83C7-D1C128FC0517}.Release|Any CPU.ActiveCfg = Release|Any CPU
		{07E579A2-8B9A-4084-83C7-D1C128FC0517}.Release|Any CPU.Build.0 = Release|Any CPU
		{BDB93B3F-9566-4ADF-B823-4F45A5612034}.Debug|Any CPU.ActiveCfg = Debug|Any CPU
		{BDB93B3F-9566-4ADF-B823-4F45A5612034}.Debug|Any CPU.Build.0 = Debug|Any CPU
		{BDB93B3F-9566-4ADF-B823-4F45A5612034}.Release|Any CPU.ActiveCfg = Release|Any CPU
		{BDB93B3F-9566-4ADF-B823-4F45A5612034}.Release|Any CPU.Build.0 = Release|Any CPU
	EndGlobalSection
	GlobalSection(SolutionProperties) = preSolution
		HideSolutionNode = FALSE
	EndGlobalSection
EndGlobal
